
Microsoft Visual Studio Solution File, Format Version 12.00
# Visual Studio Version 16
VisualStudioVersion = 16.0.31702.278
MinimumVisualStudioVersion = 10.0.40219.1
Project("{FAE04EC0-301F-11D3-BF4B-00C04F79EFBC}") = "Allergen.Backend", "Allergen.Backend.csproj", "{F3FD2113-B39A-40EF-8AAA-AD4114B89FED}"
EndProject
Project("{9A19103F-16F7-4668-BE54-9A1E7A4F7556}") = "ExampleApi", "E:\Pobrane\ExampleApi_2 (1)\ExampleApi\ExampleApi.csproj", "{9860D1CB-A865-4B3A-A7DC-319C4D3711CB}"
EndProject
Global
	GlobalSection(SolutionConfigurationPlatforms) = preSolution
		Debug|Any CPU = Debug|Any CPU
		Release|Any CPU = Release|Any CPU
	EndGlobalSection
	GlobalSection(ProjectConfigurationPlatforms) = postSolution
		{F3FD2113-B39A-40EF-8AAA-AD4114B89FED}.Debug|Any CPU.ActiveCfg = Debug|Any CPU
		{F3FD2113-B39A-40EF-8AAA-AD4114B89FED}.Debug|Any CPU.Build.0 = Debug|Any CPU
		{F3FD2113-B39A-40EF-8AAA-AD4114B89FED}.Release|Any CPU.ActiveCfg = Release|Any CPU
		{F3FD2113-B39A-40EF-8AAA-AD4114B89FED}.Release|Any CPU.Build.0 = Release|Any CPU
		{9860D1CB-A865-4B3A-A7DC-319C4D3711CB}.Debug|Any CPU.ActiveCfg = Debug|Any CPU
		{9860D1CB-A865-4B3A-A7DC-319C4D3711CB}.Debug|Any CPU.Build.0 = Debug|Any CPU
		{9860D1CB-A865-4B3A-A7DC-319C4D3711CB}.Release|Any CPU.ActiveCfg = Release|Any CPU
		{9860D1CB-A865-4B3A-A7DC-319C4D3711CB}.Release|Any CPU.Build.0 = Release|Any CPU
	EndGlobalSection
	GlobalSection(SolutionProperties) = preSolution
		HideSolutionNode = FALSE
	EndGlobalSection
	GlobalSection(ExtensibilityGlobals) = postSolution
		SolutionGuid = {4BEB1AC9-A2A2-48EA-98A2-14E89271BD2A}
	EndGlobalSection
EndGlobal
